
Microsoft Visual Studio Solution File, Format Version 12.00
# Visual Studio Version 16
VisualStudioVersion = 16.0.29926.136
MinimumVisualStudioVersion = 10.0.40219.1
Project("{FAE04EC0-301F-11D3-BF4B-00C04F79EFBC}") = "HOMEWORK01", "HOMEWORK01\HOMEWORK01.csproj", "{2FD59199-2641-4B19-83D4-5F0EE55CDD59}"
EndProject
Global
	GlobalSection(SolutionConfigurationPlatforms) = preSolution
		Debug|Any CPU = Debug|Any CPU
		Release|Any CPU = Release|Any CPU
	EndGlobalSection
	GlobalSection(ProjectConfigurationPlatforms) = postSolution
		{2FD59199-2641-4B19-83D4-5F0EE55CDD59}.Debug|Any CPU.ActiveCfg = Debug|Any CPU
		{2FD59199-2641-4B19-83D4-5F0EE55CDD59}.Debug|Any CPU.Build.0 = Debug|Any CPU
		{2FD59199-2641-4B19-83D4-5F0EE55CDD59}.Release|Any CPU.ActiveCfg = Release|Any CPU
		{2FD59199-2641-4B19-83D4-5F0EE55CDD59}.Release|Any CPU.Build.0 = Release|Any CPU
	EndGlobalSection
	GlobalSection(SolutionProperties) = preSolution
		HideSolutionNode = FALSE
	EndGlobalSection
	GlobalSection(ExtensibilityGlobals) = postSolution
		SolutionGuid = {C8B9C289-C557-4F73-91FC-34A671FD396F}
	EndGlobalSection
EndGlobal
